// !$*UTF8*$!
{
	archiveVersion = 1;
	classes = {
	};
	objectVersion = 50;
	objects = {

/* Begin PBXAggregateTarget section */
		ACDF1C0A20BFDC1500F860D9 /* UniversalMenuButton */ = {
			isa = PBXAggregateTarget;
			buildConfigurationList = ACDF1C0D20BFDC1500F860D9 /* Build configuration list for PBXAggregateTarget "UniversalMenuButton" */;
			buildPhases = (
				ACDF1C0E20BFDC1D00F860D9 /* MenuButton */,
			);
			dependencies = (
			);
			name = UniversalMenuButton;
			productName = UniversalMenuButton;
		};
/* End PBXAggregateTarget section */

/* Begin PBXBuildFile section */
		AC06FCF820BEB1D2007CDC0B /* MenuButton.h in Headers */ = {isa = PBXBuildFile; fileRef = AC06FCF620BEB1D2007CDC0B /* MenuButton.h */; settings = {ATTRIBUTES = (Public, ); }; };
		AC06FD0320BEB2F9007CDC0B /* MenuButtonView.swift in Sources */ = {isa = PBXBuildFile; fileRef = AC06FD0220BEB2F9007CDC0B /* MenuButtonView.swift */; };
		AC06FD0720BEB7A6007CDC0B /* CGDHelpers.swift in Sources */ = {isa = PBXBuildFile; fileRef = AC06FD0620BEB7A6007CDC0B /* CGDHelpers.swift */; };
		AC06FD0A20BEB7F4007CDC0B /* Typealiases.swift in Sources */ = {isa = PBXBuildFile; fileRef = AC06FD0920BEB7F4007CDC0B /* Typealiases.swift */; };
		AC06FD0E20BEBA09007CDC0B /* MenuButton.swift in Sources */ = {isa = PBXBuildFile; fileRef = AC06FD0D20BEBA09007CDC0B /* MenuButton.swift */; };
		AC06FD1520BEC071007CDC0B /* MenuOwnerView.swift in Sources */ = {isa = PBXBuildFile; fileRef = AC06FD1420BEC071007CDC0B /* MenuOwnerView.swift */; };
		AC06FD1820BEC14A007CDC0B /* UIViewExtensions.swift in Sources */ = {isa = PBXBuildFile; fileRef = AC06FD1720BEC14A007CDC0B /* UIViewExtensions.swift */; };
		AC06FD1B20BECEFF007CDC0B /* MenuItem.swift in Sources */ = {isa = PBXBuildFile; fileRef = AC06FD1A20BECEFF007CDC0B /* MenuItem.swift */; };
		AC06FD2020BED675007CDC0B /* MenuOwnerViewCell.swift in Sources */ = {isa = PBXBuildFile; fileRef = AC06FD1E20BED675007CDC0B /* MenuOwnerViewCell.swift */; };
		AC06FD2120BED675007CDC0B /* MenuOwnerViewCell.xib in Resources */ = {isa = PBXBuildFile; fileRef = AC06FD1F20BED675007CDC0B /* MenuOwnerViewCell.xib */; };
		AC06FD2420BED783007CDC0B /* MenuOwnerViewModel.swift in Sources */ = {isa = PBXBuildFile; fileRef = AC06FD2320BED783007CDC0B /* MenuOwnerViewModel.swift */; };
		AC06FD2620BEDB64007CDC0B /* MenuOwnerView.xib in Resources */ = {isa = PBXBuildFile; fileRef = AC06FD2520BEDB64007CDC0B /* MenuOwnerView.xib */; };
		AC2F5D1C20C009A000AAF16F /* AppDelegate.swift in Sources */ = {isa = PBXBuildFile; fileRef = AC2F5D1B20C009A000AAF16F /* AppDelegate.swift */; };
		AC2F5D1E20C009A000AAF16F /* ViewController.swift in Sources */ = {isa = PBXBuildFile; fileRef = AC2F5D1D20C009A000AAF16F /* ViewController.swift */; };
		AC2F5D2120C009A000AAF16F /* Main.storyboard in Resources */ = {isa = PBXBuildFile; fileRef = AC2F5D1F20C009A000AAF16F /* Main.storyboard */; };
		AC2F5D2320C009A100AAF16F /* Assets.xcassets in Resources */ = {isa = PBXBuildFile; fileRef = AC2F5D2220C009A100AAF16F /* Assets.xcassets */; };
		AC2F5D2620C009A100AAF16F /* LaunchScreen.storyboard in Resources */ = {isa = PBXBuildFile; fileRef = AC2F5D2420C009A100AAF16F /* LaunchScreen.storyboard */; };
		AC2F5D2B20C00BF900AAF16F /* MenuButton.framework in Frameworks */ = {isa = PBXBuildFile; fileRef = AC06FCF320BEB1D2007CDC0B /* MenuButton.framework */; };
		AC2F5D2C20C00BF900AAF16F /* MenuButton.framework in Embed Frameworks */ = {isa = PBXBuildFile; fileRef = AC06FCF320BEB1D2007CDC0B /* MenuButton.framework */; settings = {ATTRIBUTES = (CodeSignOnCopy, RemoveHeadersOnCopy, ); }; };
		AC2F5D3120C00C9E00AAF16F /* Item.swift in Sources */ = {isa = PBXBuildFile; fileRef = AC2F5D3020C00C9E00AAF16F /* Item.swift */; };
		ACDF1C1520BFDE2500F860D9 /* ThrowsSettings.swift in Sources */ = {isa = PBXBuildFile; fileRef = ACDF1C1420BFDE2500F860D9 /* ThrowsSettings.swift */; };
		ACDF1C1720BFDF0100F860D9 /* ThrowsSupeview.swift in Sources */ = {isa = PBXBuildFile; fileRef = ACDF1C1620BFDF0100F860D9 /* ThrowsSupeview.swift */; };
		ACDF1C1920BFE02600F860D9 /* ThrowsConvertedFrame.swift in Sources */ = {isa = PBXBuildFile; fileRef = ACDF1C1820BFE02600F860D9 /* ThrowsConvertedFrame.swift */; };
		ACDF1C1B20BFE08700F860D9 /* ThrowsParentBounds.swift in Sources */ = {isa = PBXBuildFile; fileRef = ACDF1C1A20BFE08700F860D9 /* ThrowsParentBounds.swift */; };
/* End PBXBuildFile section */

/* Begin PBXContainerItemProxy section */
		AC2F5D2D20C00BF900AAF16F /* PBXContainerItemProxy */ = {
			isa = PBXContainerItemProxy;
			containerPortal = AC06FCEA20BEB1D2007CDC0B /* Project object */;
			proxyType = 1;
			remoteGlobalIDString = AC06FCF220BEB1D2007CDC0B;
			remoteInfo = MenuButton;
		};
/* End PBXContainerItemProxy section */

/* Begin PBXCopyFilesBuildPhase section */
		AC2F5D2F20C00BF900AAF16F /* Embed Frameworks */ = {
			isa = PBXCopyFilesBuildPhase;
			buildActionMask = 2147483647;
			dstPath = "";
			dstSubfolderSpec = 10;
			files = (
				AC2F5D2C20C00BF900AAF16F /* MenuButton.framework in Embed Frameworks */,
			);
			name = "Embed Frameworks";
			runOnlyForDeploymentPostprocessing = 0;
		};
/* End PBXCopyFilesBuildPhase section */

/* Begin PBXFileReference section */
		AC06FCF320BEB1D2007CDC0B /* MenuButton.framework */ = {isa = PBXFileReference; explicitFileType = wrapper.framework; includeInIndex = 0; path = MenuButton.framework; sourceTree = BUILT_PRODUCTS_DIR; };
		AC06FCF620BEB1D2007CDC0B /* MenuButton.h */ = {isa = PBXFileReference; lastKnownFileType = sourcecode.c.h; path = MenuButton.h; sourceTree = "<group>"; };
		AC06FCF720BEB1D2007CDC0B /* Info.plist */ = {isa = PBXFileReference; lastKnownFileType = text.plist.xml; path = Info.plist; sourceTree = "<group>"; };
		AC06FD0220BEB2F9007CDC0B /* MenuButtonView.swift */ = {isa = PBXFileReference; lastKnownFileType = sourcecode.swift; path = MenuButtonView.swift; sourceTree = "<group>"; };
		AC06FD0620BEB7A6007CDC0B /* CGDHelpers.swift */ = {isa = PBXFileReference; lastKnownFileType = sourcecode.swift; path = CGDHelpers.swift; sourceTree = "<group>"; };
		AC06FD0920BEB7F4007CDC0B /* Typealiases.swift */ = {isa = PBXFileReference; lastKnownFileType = sourcecode.swift; path = Typealiases.swift; sourceTree = "<group>"; };
		AC06FD0D20BEBA09007CDC0B /* MenuButton.swift */ = {isa = PBXFileReference; lastKnownFileType = sourcecode.swift; path = MenuButton.swift; sourceTree = "<group>"; };
		AC06FD1420BEC071007CDC0B /* MenuOwnerView.swift */ = {isa = PBXFileReference; lastKnownFileType = sourcecode.swift; path = MenuOwnerView.swift; sourceTree = "<group>"; };
		AC06FD1720BEC14A007CDC0B /* UIViewExtensions.swift */ = {isa = PBXFileReference; lastKnownFileType = sourcecode.swift; path = UIViewExtensions.swift; sourceTree = "<group>"; };
		AC06FD1A20BECEFF007CDC0B /* MenuItem.swift */ = {isa = PBXFileReference; lastKnownFileType = sourcecode.swift; path = MenuItem.swift; sourceTree = "<group>"; };
		AC06FD1E20BED675007CDC0B /* MenuOwnerViewCell.swift */ = {isa = PBXFileReference; lastKnownFileType = sourcecode.swift; path = MenuOwnerViewCell.swift; sourceTree = "<group>"; };
		AC06FD1F20BED675007CDC0B /* MenuOwnerViewCell.xib */ = {isa = PBXFileReference; lastKnownFileType = file.xib; path = MenuOwnerViewCell.xib; sourceTree = "<group>"; };
		AC06FD2320BED783007CDC0B /* MenuOwnerViewModel.swift */ = {isa = PBXFileReference; lastKnownFileType = sourcecode.swift; path = MenuOwnerViewModel.swift; sourceTree = "<group>"; };
		AC06FD2520BEDB64007CDC0B /* MenuOwnerView.xib */ = {isa = PBXFileReference; lastKnownFileType = file.xib; path = MenuOwnerView.xib; sourceTree = "<group>"; };
		AC2F5D1920C009A000AAF16F /* Example.app */ = {isa = PBXFileReference; explicitFileType = wrapper.application; includeInIndex = 0; path = Example.app; sourceTree = BUILT_PRODUCTS_DIR; };
		AC2F5D1B20C009A000AAF16F /* AppDelegate.swift */ = {isa = PBXFileReference; lastKnownFileType = sourcecode.swift; path = AppDelegate.swift; sourceTree = "<group>"; };
		AC2F5D1D20C009A000AAF16F /* ViewController.swift */ = {isa = PBXFileReference; lastKnownFileType = sourcecode.swift; path = ViewController.swift; sourceTree = "<group>"; };
		AC2F5D2020C009A000AAF16F /* Base */ = {isa = PBXFileReference; lastKnownFileType = file.storyboard; name = Base; path = Base.lproj/Main.storyboard; sourceTree = "<group>"; };
		AC2F5D2220C009A100AAF16F /* Assets.xcassets */ = {isa = PBXFileReference; lastKnownFileType = folder.assetcatalog; path = Assets.xcassets; sourceTree = "<group>"; };
		AC2F5D2520C009A100AAF16F /* Base */ = {isa = PBXFileReference; lastKnownFileType = file.storyboard; name = Base; path = Base.lproj/LaunchScreen.storyboard; sourceTree = "<group>"; };
		AC2F5D2720C009A100AAF16F /* Info.plist */ = {isa = PBXFileReference; lastKnownFileType = text.plist.xml; path = Info.plist; sourceTree = "<group>"; };
		AC2F5D3020C00C9E00AAF16F /* Item.swift */ = {isa = PBXFileReference; lastKnownFileType = sourcecode.swift; path = Item.swift; sourceTree = "<group>"; };
		ACDF1C1420BFDE2500F860D9 /* ThrowsSettings.swift */ = {isa = PBXFileReference; lastKnownFileType = sourcecode.swift; path = ThrowsSettings.swift; sourceTree = "<group>"; };
		ACDF1C1620BFDF0100F860D9 /* ThrowsSupeview.swift */ = {isa = PBXFileReference; lastKnownFileType = sourcecode.swift; path = ThrowsSupeview.swift; sourceTree = "<group>"; };
		ACDF1C1820BFE02600F860D9 /* ThrowsConvertedFrame.swift */ = {isa = PBXFileReference; lastKnownFileType = sourcecode.swift; path = ThrowsConvertedFrame.swift; sourceTree = "<group>"; };
		ACDF1C1A20BFE08700F860D9 /* ThrowsParentBounds.swift */ = {isa = PBXFileReference; lastKnownFileType = sourcecode.swift; path = ThrowsParentBounds.swift; sourceTree = "<group>"; };
/* End PBXFileReference section */

/* Begin PBXFrameworksBuildPhase section */
		AC06FCEF20BEB1D2007CDC0B /* Frameworks */ = {
			isa = PBXFrameworksBuildPhase;
			buildActionMask = 2147483647;
			files = (
			);
			runOnlyForDeploymentPostprocessing = 0;
		};
		AC2F5D1620C009A000AAF16F /* Frameworks */ = {
			isa = PBXFrameworksBuildPhase;
			buildActionMask = 2147483647;
			files = (
				AC2F5D2B20C00BF900AAF16F /* MenuButton.framework in Frameworks */,
			);
			runOnlyForDeploymentPostprocessing = 0;
		};
/* End PBXFrameworksBuildPhase section */

/* Begin PBXGroup section */
		AC06FCE920BEB1D2007CDC0B = {
			isa = PBXGroup;
			children = (
				AC06FCF520BEB1D2007CDC0B /* MenuButton */,
				AC2F5D1A20C009A000AAF16F /* Example */,
				AC06FCF420BEB1D2007CDC0B /* Products */,
			);
			sourceTree = "<group>";
		};
		AC06FCF420BEB1D2007CDC0B /* Products */ = {
			isa = PBXGroup;
			children = (
				AC06FCF320BEB1D2007CDC0B /* MenuButton.framework */,
				AC2F5D1920C009A000AAF16F /* Example.app */,
			);
			name = Products;
			sourceTree = "<group>";
		};
		AC06FCF520BEB1D2007CDC0B /* MenuButton */ = {
			isa = PBXGroup;
			children = (
				AC06FCFE20BEB28F007CDC0B /* Source */,
				AC06FCF620BEB1D2007CDC0B /* MenuButton.h */,
				AC06FCF720BEB1D2007CDC0B /* Info.plist */,
			);
			path = MenuButton;
			sourceTree = "<group>";
		};
		AC06FCFE20BEB28F007CDC0B /* Source */ = {
			isa = PBXGroup;
			children = (
				AC06FD0120BEB2CE007CDC0B /* Private */,
				AC06FD0020BEB2C7007CDC0B /* Public */,
			);
			path = Source;
			sourceTree = "<group>";
		};
		AC06FCFF20BEB2AA007CDC0B /* MenuButtonView */ = {
			isa = PBXGroup;
			children = (
				AC06FD0220BEB2F9007CDC0B /* MenuButtonView.swift */,
			);
			path = MenuButtonView;
			sourceTree = "<group>";
		};
		AC06FD0020BEB2C7007CDC0B /* Public */ = {
			isa = PBXGroup;
			children = (
				ACDF1C1320BFDDF900F860D9 /* Throws */,
				AC06FD1920BECEF0007CDC0B /* MenuItem */,
				AC06FCFF20BEB2AA007CDC0B /* MenuButtonView */,
			);
			path = Public;
			sourceTree = "<group>";
		};
		AC06FD0120BEB2CE007CDC0B /* Private */ = {
			isa = PBXGroup;
			children = (
				AC06FD0B20BEB9D4007CDC0B /* UserInterface */,
				AC06FD0420BEB757007CDC0B /* Common */,
			);
			path = Private;
			sourceTree = "<group>";
		};
		AC06FD0420BEB757007CDC0B /* Common */ = {
			isa = PBXGroup;
			children = (
				AC06FD2220BED770007CDC0B /* MenuOwnerViewModel */,
				AC06FD1620BEC13B007CDC0B /* Extensions */,
				AC06FD0820BEB7E3007CDC0B /* Typealiases */,
				AC06FD0520BEB78B007CDC0B /* CGD Helpers */,
			);
			path = Common;
			sourceTree = "<group>";
		};
		AC06FD0520BEB78B007CDC0B /* CGD Helpers */ = {
			isa = PBXGroup;
			children = (
				AC06FD0620BEB7A6007CDC0B /* CGDHelpers.swift */,
			);
			path = "CGD Helpers";
			sourceTree = "<group>";
		};
		AC06FD0820BEB7E3007CDC0B /* Typealiases */ = {
			isa = PBXGroup;
			children = (
				AC06FD0920BEB7F4007CDC0B /* Typealiases.swift */,
			);
			path = Typealiases;
			sourceTree = "<group>";
		};
		AC06FD0B20BEB9D4007CDC0B /* UserInterface */ = {
			isa = PBXGroup;
			children = (
				AC06FD1D20BED658007CDC0B /* MenuOwnerViewCell */,
				AC06FD1320BEC04C007CDC0B /* MenuOwnerView */,
				AC06FD0C20BEB9EE007CDC0B /* MenuButton */,
			);
			path = UserInterface;
			sourceTree = "<group>";
		};
		AC06FD0C20BEB9EE007CDC0B /* MenuButton */ = {
			isa = PBXGroup;
			children = (
				AC06FD0D20BEBA09007CDC0B /* MenuButton.swift */,
			);
			path = MenuButton;
			sourceTree = "<group>";
		};
		AC06FD1320BEC04C007CDC0B /* MenuOwnerView */ = {
			isa = PBXGroup;
			children = (
				AC06FD1420BEC071007CDC0B /* MenuOwnerView.swift */,
				AC06FD2520BEDB64007CDC0B /* MenuOwnerView.xib */,
			);
			path = MenuOwnerView;
			sourceTree = "<group>";
		};
		AC06FD1620BEC13B007CDC0B /* Extensions */ = {
			isa = PBXGroup;
			children = (
				AC06FD1720BEC14A007CDC0B /* UIViewExtensions.swift */,
			);
			path = Extensions;
			sourceTree = "<group>";
		};
		AC06FD1920BECEF0007CDC0B /* MenuItem */ = {
			isa = PBXGroup;
			children = (
				AC06FD1A20BECEFF007CDC0B /* MenuItem.swift */,
			);
			path = MenuItem;
			sourceTree = "<group>";
		};
		AC06FD1D20BED658007CDC0B /* MenuOwnerViewCell */ = {
			isa = PBXGroup;
			children = (
				AC06FD1E20BED675007CDC0B /* MenuOwnerViewCell.swift */,
				AC06FD1F20BED675007CDC0B /* MenuOwnerViewCell.xib */,
			);
			path = MenuOwnerViewCell;
			sourceTree = "<group>";
		};
		AC06FD2220BED770007CDC0B /* MenuOwnerViewModel */ = {
			isa = PBXGroup;
			children = (
				AC06FD2320BED783007CDC0B /* MenuOwnerViewModel.swift */,
			);
			path = MenuOwnerViewModel;
			sourceTree = "<group>";
		};
		AC2F5D1A20C009A000AAF16F /* Example */ = {
			isa = PBXGroup;
			children = (
				AC2F5D1B20C009A000AAF16F /* AppDelegate.swift */,
				AC2F5D1D20C009A000AAF16F /* ViewController.swift */,
				AC2F5D3020C00C9E00AAF16F /* Item.swift */,
				AC2F5D1F20C009A000AAF16F /* Main.storyboard */,
				AC2F5D2220C009A100AAF16F /* Assets.xcassets */,
				AC2F5D2420C009A100AAF16F /* LaunchScreen.storyboard */,
				AC2F5D2720C009A100AAF16F /* Info.plist */,
			);
			path = Example;
			sourceTree = "<group>";
		};
		ACDF1C1320BFDDF900F860D9 /* Throws */ = {
			isa = PBXGroup;
			children = (
				ACDF1C1420BFDE2500F860D9 /* ThrowsSettings.swift */,
				ACDF1C1620BFDF0100F860D9 /* ThrowsSupeview.swift */,
				ACDF1C1820BFE02600F860D9 /* ThrowsConvertedFrame.swift */,
				ACDF1C1A20BFE08700F860D9 /* ThrowsParentBounds.swift */,
			);
			path = Throws;
			sourceTree = "<group>";
		};
/* End PBXGroup section */

/* Begin PBXHeadersBuildPhase section */
		AC06FCF020BEB1D2007CDC0B /* Headers */ = {
			isa = PBXHeadersBuildPhase;
			buildActionMask = 2147483647;
			files = (
				AC06FCF820BEB1D2007CDC0B /* MenuButton.h in Headers */,
			);
			runOnlyForDeploymentPostprocessing = 0;
		};
/* End PBXHeadersBuildPhase section */

/* Begin PBXNativeTarget section */
		AC06FCF220BEB1D2007CDC0B /* MenuButton */ = {
			isa = PBXNativeTarget;
			buildConfigurationList = AC06FCFB20BEB1D2007CDC0B /* Build configuration list for PBXNativeTarget "MenuButton" */;
			buildPhases = (
				AC06FCEE20BEB1D2007CDC0B /* Sources */,
				AC06FCEF20BEB1D2007CDC0B /* Frameworks */,
				AC06FCF020BEB1D2007CDC0B /* Headers */,
				AC06FCF120BEB1D2007CDC0B /* Resources */,
			);
			buildRules = (
			);
			dependencies = (
			);
			name = MenuButton;
			productName = MenuButton;
			productReference = AC06FCF320BEB1D2007CDC0B /* MenuButton.framework */;
			productType = "com.apple.product-type.framework";
		};
		AC2F5D1820C009A000AAF16F /* Example */ = {
			isa = PBXNativeTarget;
			buildConfigurationList = AC2F5D2A20C009A100AAF16F /* Build configuration list for PBXNativeTarget "Example" */;
			buildPhases = (
				AC2F5D1520C009A000AAF16F /* Sources */,
				AC2F5D1620C009A000AAF16F /* Frameworks */,
				AC2F5D1720C009A000AAF16F /* Resources */,
				AC2F5D2F20C00BF900AAF16F /* Embed Frameworks */,
			);
			buildRules = (
			);
			dependencies = (
				AC2F5D2E20C00BF900AAF16F /* PBXTargetDependency */,
			);
			name = Example;
			productName = Example;
			productReference = AC2F5D1920C009A000AAF16F /* Example.app */;
			productType = "com.apple.product-type.application";
		};
/* End PBXNativeTarget section */

/* Begin PBXProject section */
		AC06FCEA20BEB1D2007CDC0B /* Project object */ = {
			isa = PBXProject;
			attributes = {
				LastSwiftUpdateCheck = 0930;
				LastUpgradeCheck = 0930;
				ORGANIZATIONNAME = "Zfort Group";
				TargetAttributes = {
					AC06FCF220BEB1D2007CDC0B = {
						CreatedOnToolsVersion = 9.3.1;
						LastSwiftMigration = 0930;
					};
					AC2F5D1820C009A000AAF16F = {
						CreatedOnToolsVersion = 9.3.1;
					};
					ACDF1C0A20BFDC1500F860D9 = {
						CreatedOnToolsVersion = 9.3.1;
					};
				};
			};
			buildConfigurationList = AC06FCED20BEB1D2007CDC0B /* Build configuration list for PBXProject "MenuButton" */;
			compatibilityVersion = "Xcode 9.3";
			developmentRegion = en;
			hasScannedForEncodings = 0;
			knownRegions = (
				en,
				Base,
			);
			mainGroup = AC06FCE920BEB1D2007CDC0B;
			productRefGroup = AC06FCF420BEB1D2007CDC0B /* Products */;
			projectDirPath = "";
			projectRoot = "";
			targets = (
				AC06FCF220BEB1D2007CDC0B /* MenuButton */,
				ACDF1C0A20BFDC1500F860D9 /* UniversalMenuButton */,
				AC2F5D1820C009A000AAF16F /* Example */,
			);
		};
/* End PBXProject section */

/* Begin PBXResourcesBuildPhase section */
		AC06FCF120BEB1D2007CDC0B /* Resources */ = {
			isa = PBXResourcesBuildPhase;
			buildActionMask = 2147483647;
			files = (
				AC06FD2120BED675007CDC0B /* MenuOwnerViewCell.xib in Resources */,
				AC06FD2620BEDB64007CDC0B /* MenuOwnerView.xib in Resources */,
			);
			runOnlyForDeploymentPostprocessing = 0;
		};
		AC2F5D1720C009A000AAF16F /* Resources */ = {
			isa = PBXResourcesBuildPhase;
			buildActionMask = 2147483647;
			files = (
				AC2F5D2620C009A100AAF16F /* LaunchScreen.storyboard in Resources */,
				AC2F5D2320C009A100AAF16F /* Assets.xcassets in Resources */,
				AC2F5D2120C009A000AAF16F /* Main.storyboard in Resources */,
			);
			runOnlyForDeploymentPostprocessing = 0;
		};
/* End PBXResourcesBuildPhase section */

/* Begin PBXShellScriptBuildPhase section */
		ACDF1C0E20BFDC1D00F860D9 /* MenuButton */ = {
			isa = PBXShellScriptBuildPhase;
			buildActionMask = 2147483647;
			files = (
			);
			inputPaths = (
			);
			name = MenuButton;
			outputPaths = (
			);
			runOnlyForDeploymentPostprocessing = 0;
			shellPath = /bin/sh;
			shellScript = "#!/bin/sh\n\nUNIVERSAL_OUTPUTFOLDER=${BUILD_DIR}/${CONFIGURATION}-universal\n\n# make sure the output directory exists\nmkdir -p \"${UNIVERSAL_OUTPUTFOLDER}\"\n\n# Step 1. Build Device and Simulator versions\nxcodebuild -target \"MenuButton\" ONLY_ACTIVE_ARCH=NO -configuration ${CONFIGURATION} -sdk iphoneos  BUILD_DIR=\"${BUILD_DIR}\" BUILD_ROOT=\"${BUILD_ROOT}\" clean build\nxcodebuild -target \"MenuButton\" -configuration ${CONFIGURATION} -sdk iphonesimulator ONLY_ACTIVE_ARCH=NO BUILD_DIR=\"${BUILD_DIR}\" BUILD_ROOT=\"${BUILD_ROOT}\" clean build\n\n# Step 2. Copy the framework structure (from iphoneos build) to the universal folder\ncp -R \"${BUILD_DIR}/${CONFIGURATION}-iphoneos/MenuButton.framework\" \"${UNIVERSAL_OUTPUTFOLDER}/\"\n\n# Step 3. Copy Swift modules from iphonesimulator build (if it exists) to the copied framework directory\nSIMULATOR_SWIFT_MODULES_DIR=\"${BUILD_DIR}/${CONFIGURATION}-iphonesimulator/MenuButton.framework/Modules/MenuButton.swiftmodule/.\"\nif [ -d \"${SIMULATOR_SWIFT_MODULES_DIR}\" ]; then\ncp -R \"${SIMULATOR_SWIFT_MODULES_DIR}\" \"${UNIVERSAL_OUTPUTFOLDER}/MenuButton.framework/Modules/MenuButton.swiftmodule\"\nfi\n\n# Step 4. Create universal binary file using lipo and place the combined executable in the copied framework directory\nlipo -create -output \"${UNIVERSAL_OUTPUTFOLDER}/MenuButton.framework/MenuButton\" \"${BUILD_DIR}/${CONFIGURATION}-iphonesimulator/MenuButton.framework/MenuButton\" \"${BUILD_DIR}/${CONFIGURATION}-iphoneos/MenuButton.framework/MenuButton\"\n\n# Step 5. Convenience step to copy the framework to the project's directory\ncp -R \"${UNIVERSAL_OUTPUTFOLDER}/MenuButton.framework\" \"${PROJECT_DIR}\"\n\n# Step 6. Convenience step to open the project's directory in Finder\nopen \"${PROJECT_DIR}\"";
		};
/* End PBXShellScriptBuildPhase section */

/* Begin PBXSourcesBuildPhase section */
		AC06FCEE20BEB1D2007CDC0B /* Sources */ = {
			isa = PBXSourcesBuildPhase;
			buildActionMask = 2147483647;
			files = (
				ACDF1C1720BFDF0100F860D9 /* ThrowsSupeview.swift in Sources */,
				AC06FD1B20BECEFF007CDC0B /* MenuItem.swift in Sources */,
				AC06FD0E20BEBA09007CDC0B /* MenuButton.swift in Sources */,
				AC06FD0720BEB7A6007CDC0B /* CGDHelpers.swift in Sources */,
				AC06FD0320BEB2F9007CDC0B /* MenuButtonView.swift in Sources */,
				ACDF1C1920BFE02600F860D9 /* ThrowsConvertedFrame.swift in Sources */,
				AC06FD0A20BEB7F4007CDC0B /* Typealiases.swift in Sources */,
				AC06FD2020BED675007CDC0B /* MenuOwnerViewCell.swift in Sources */,
				ACDF1C1B20BFE08700F860D9 /* ThrowsParentBounds.swift in Sources */,
				ACDF1C1520BFDE2500F860D9 /* ThrowsSettings.swift in Sources */,
				AC06FD2420BED783007CDC0B /* MenuOwnerViewModel.swift in Sources */,
				AC06FD1820BEC14A007CDC0B /* UIViewExtensions.swift in Sources */,
				AC06FD1520BEC071007CDC0B /* MenuOwnerView.swift in Sources */,
			);
			runOnlyForDeploymentPostprocessing = 0;
		};
		AC2F5D1520C009A000AAF16F /* Sources */ = {
			isa = PBXSourcesBuildPhase;
			buildActionMask = 2147483647;
			files = (
				AC2F5D1E20C009A000AAF16F /* ViewController.swift in Sources */,
				AC2F5D3120C00C9E00AAF16F /* Item.swift in Sources */,
				AC2F5D1C20C009A000AAF16F /* AppDelegate.swift in Sources */,
			);
			runOnlyForDeploymentPostprocessing = 0;
		};
/* End PBXSourcesBuildPhase section */

/* Begin PBXTargetDependency section */
		AC2F5D2E20C00BF900AAF16F /* PBXTargetDependency */ = {
			isa = PBXTargetDependency;
			target = AC06FCF220BEB1D2007CDC0B /* MenuButton */;
			targetProxy = AC2F5D2D20C00BF900AAF16F /* PBXContainerItemProxy */;
		};
/* End PBXTargetDependency section */

/* Begin PBXVariantGroup section */
		AC2F5D1F20C009A000AAF16F /* Main.storyboard */ = {
			isa = PBXVariantGroup;
			children = (
				AC2F5D2020C009A000AAF16F /* Base */,
			);
			name = Main.storyboard;
			sourceTree = "<group>";
		};
		AC2F5D2420C009A100AAF16F /* LaunchScreen.storyboard */ = {
			isa = PBXVariantGroup;
			children = (
				AC2F5D2520C009A100AAF16F /* Base */,
			);
			name = LaunchScreen.storyboard;
			sourceTree = "<group>";
		};
/* End PBXVariantGroup section */

/* Begin XCBuildConfiguration section */
		AC06FCF920BEB1D2007CDC0B /* Debug */ = {
			isa = XCBuildConfiguration;
			buildSettings = {
				ALWAYS_SEARCH_USER_PATHS = NO;
				CLANG_ANALYZER_NONNULL = YES;
				CLANG_ANALYZER_NUMBER_OBJECT_CONVERSION = YES_AGGRESSIVE;
				CLANG_CXX_LANGUAGE_STANDARD = "gnu++14";
				CLANG_CXX_LIBRARY = "libc++";
				CLANG_ENABLE_MODULES = YES;
				CLANG_ENABLE_OBJC_ARC = YES;
				CLANG_ENABLE_OBJC_WEAK = YES;
				CLANG_WARN_BLOCK_CAPTURE_AUTORELEASING = YES;
				CLANG_WARN_BOOL_CONVERSION = YES;
				CLANG_WARN_COMMA = YES;
				CLANG_WARN_CONSTANT_CONVERSION = YES;
				CLANG_WARN_DEPRECATED_OBJC_IMPLEMENTATIONS = YES;
				CLANG_WARN_DIRECT_OBJC_ISA_USAGE = YES_ERROR;
				CLANG_WARN_DOCUMENTATION_COMMENTS = YES;
				CLANG_WARN_EMPTY_BODY = YES;
				CLANG_WARN_ENUM_CONVERSION = YES;
				CLANG_WARN_INFINITE_RECURSION = YES;
				CLANG_WARN_INT_CONVERSION = YES;
				CLANG_WARN_NON_LITERAL_NULL_CONVERSION = YES;
				CLANG_WARN_OBJC_IMPLICIT_RETAIN_SELF = YES;
				CLANG_WARN_OBJC_LITERAL_CONVERSION = YES;
				CLANG_WARN_OBJC_ROOT_CLASS = YES_ERROR;
				CLANG_WARN_RANGE_LOOP_ANALYSIS = YES;
				CLANG_WARN_STRICT_PROTOTYPES = YES;
				CLANG_WARN_SUSPICIOUS_MOVE = YES;
				CLANG_WARN_UNGUARDED_AVAILABILITY = YES_AGGRESSIVE;
				CLANG_WARN_UNREACHABLE_CODE = YES;
				CLANG_WARN__DUPLICATE_METHOD_MATCH = YES;
				CODE_SIGN_IDENTITY = "iPhone Developer";
				COPY_PHASE_STRIP = NO;
				CURRENT_PROJECT_VERSION = 1;
				DEBUG_INFORMATION_FORMAT = dwarf;
				ENABLE_STRICT_OBJC_MSGSEND = YES;
				ENABLE_TESTABILITY = YES;
				GCC_C_LANGUAGE_STANDARD = gnu11;
				GCC_DYNAMIC_NO_PIC = NO;
				GCC_NO_COMMON_BLOCKS = YES;
				GCC_OPTIMIZATION_LEVEL = 0;
				GCC_PREPROCESSOR_DEFINITIONS = (
					"DEBUG=1",
					"$(inherited)",
				);
				GCC_WARN_64_TO_32_BIT_CONVERSION = YES;
				GCC_WARN_ABOUT_RETURN_TYPE = YES_ERROR;
				GCC_WARN_UNDECLARED_SELECTOR = YES;
				GCC_WARN_UNINITIALIZED_AUTOS = YES_AGGRESSIVE;
				GCC_WARN_UNUSED_FUNCTION = YES;
				GCC_WARN_UNUSED_VARIABLE = YES;
				IPHONEOS_DEPLOYMENT_TARGET = 10.0;
				MTL_ENABLE_DEBUG_INFO = YES;
				ONLY_ACTIVE_ARCH = YES;
				SDKROOT = iphoneos;
				SWIFT_ACTIVE_COMPILATION_CONDITIONS = DEBUG;
				SWIFT_OPTIMIZATION_LEVEL = "-Onone";
				VERSIONING_SYSTEM = "apple-generic";
				VERSION_INFO_PREFIX = "";
			};
			name = Debug;
		};
		AC06FCFA20BEB1D2007CDC0B /* Release */ = {
			isa = XCBuildConfiguration;
			buildSettings = {
				ALWAYS_SEARCH_USER_PATHS = NO;
				CLANG_ANALYZER_NONNULL = YES;
				CLANG_ANALYZER_NUMBER_OBJECT_CONVERSION = YES_AGGRESSIVE;
				CLANG_CXX_LANGUAGE_STANDARD = "gnu++14";
				CLANG_CXX_LIBRARY = "libc++";
				CLANG_ENABLE_MODULES = YES;
				CLANG_ENABLE_OBJC_ARC = YES;
				CLANG_ENABLE_OBJC_WEAK = YES;
				CLANG_WARN_BLOCK_CAPTURE_AUTORELEASING = YES;
				CLANG_WARN_BOOL_CONVERSION = YES;
				CLANG_WARN_COMMA = YES;
				CLANG_WARN_CONSTANT_CONVERSION = YES;
				CLANG_WARN_DEPRECATED_OBJC_IMPLEMENTATIONS = YES;
				CLANG_WARN_DIRECT_OBJC_ISA_USAGE = YES_ERROR;
				CLANG_WARN_DOCUMENTATION_COMMENTS = YES;
				CLANG_WARN_EMPTY_BODY = YES;
				CLANG_WARN_ENUM_CONVERSION = YES;
				CLANG_WARN_INFINITE_RECURSION = YES;
				CLANG_WARN_INT_CONVERSION = YES;
				CLANG_WARN_NON_LITERAL_NULL_CONVERSION = YES;
				CLANG_WARN_OBJC_IMPLICIT_RETAIN_SELF = YES;
				CLANG_WARN_OBJC_LITERAL_CONVERSION = YES;
				CLANG_WARN_OBJC_ROOT_CLASS = YES_ERROR;
				CLANG_WARN_RANGE_LOOP_ANALYSIS = YES;
				CLANG_WARN_STRICT_PROTOTYPES = YES;
				CLANG_WARN_SUSPICIOUS_MOVE = YES;
				CLANG_WARN_UNGUARDED_AVAILABILITY = YES_AGGRESSIVE;
				CLANG_WARN_UNREACHABLE_CODE = YES;
				CLANG_WARN__DUPLICATE_METHOD_MATCH = YES;
				CODE_SIGN_IDENTITY = "iPhone Developer";
				COPY_PHASE_STRIP = NO;
				CURRENT_PROJECT_VERSION = 1;
				DEBUG_INFORMATION_FORMAT = "dwarf-with-dsym";
				ENABLE_NS_ASSERTIONS = NO;
				ENABLE_STRICT_OBJC_MSGSEND = YES;
				GCC_C_LANGUAGE_STANDARD = gnu11;
				GCC_NO_COMMON_BLOCKS = YES;
				GCC_WARN_64_TO_32_BIT_CONVERSION = YES;
				GCC_WARN_ABOUT_RETURN_TYPE = YES_ERROR;
				GCC_WARN_UNDECLARED_SELECTOR = YES;
				GCC_WARN_UNINITIALIZED_AUTOS = YES_AGGRESSIVE;
				GCC_WARN_UNUSED_FUNCTION = YES;
				GCC_WARN_UNUSED_VARIABLE = YES;
				IPHONEOS_DEPLOYMENT_TARGET = 10.0;
				MTL_ENABLE_DEBUG_INFO = NO;
				SDKROOT = iphoneos;
				SWIFT_COMPILATION_MODE = wholemodule;
				SWIFT_OPTIMIZATION_LEVEL = "-O";
				VALIDATE_PRODUCT = YES;
				VERSIONING_SYSTEM = "apple-generic";
				VERSION_INFO_PREFIX = "";
			};
			name = Release;
		};
		AC06FCFC20BEB1D2007CDC0B /* Debug */ = {
			isa = XCBuildConfiguration;
			buildSettings = {
				CLANG_ENABLE_MODULES = YES;
				CODE_SIGN_IDENTITY = "";
				CODE_SIGN_STYLE = Automatic;
				DEFINES_MODULE = YES;
				DYLIB_COMPATIBILITY_VERSION = 1;
				DYLIB_CURRENT_VERSION = 1;
				DYLIB_INSTALL_NAME_BASE = "@rpath";
				INFOPLIST_FILE = MenuButton/Info.plist;
				INSTALL_PATH = "$(LOCAL_LIBRARY_DIR)/Frameworks";
				LD_RUNPATH_SEARCH_PATHS = (
					"$(inherited)",
					"@executable_path/Frameworks",
					"@loader_path/Frameworks",
				);
				PRODUCT_BUNDLE_IDENTIFIER = com.zfort.MenuButton;
				PRODUCT_NAME = "$(TARGET_NAME:c99extidentifier)";
				SKIP_INSTALL = YES;
				SWIFT_OPTIMIZATION_LEVEL = "-Onone";
				SWIFT_VERSION = 4.0;
				TARGETED_DEVICE_FAMILY = "1,2";
			};
			name = Debug;
		};
		AC06FCFD20BEB1D2007CDC0B /* Release */ = {
			isa = XCBuildConfiguration;
			buildSettings = {
				CLANG_ENABLE_MODULES = YES;
				CODE_SIGN_IDENTITY = "";
				CODE_SIGN_STYLE = Automatic;
				DEFINES_MODULE = YES;
				DYLIB_COMPATIBILITY_VERSION = 1;
				DYLIB_CURRENT_VERSION = 1;
				DYLIB_INSTALL_NAME_BASE = "@rpath";
				INFOPLIST_FILE = MenuButton/Info.plist;
				INSTALL_PATH = "$(LOCAL_LIBRARY_DIR)/Frameworks";
				LD_RUNPATH_SEARCH_PATHS = (
					"$(inherited)",
					"@executable_path/Frameworks",
					"@loader_path/Frameworks",
				);
				PRODUCT_BUNDLE_IDENTIFIER = com.zfort.MenuButton;
				PRODUCT_NAME = "$(TARGET_NAME:c99extidentifier)";
				SKIP_INSTALL = YES;
				SWIFT_VERSION = 4.0;
				TARGETED_DEVICE_FAMILY = "1,2";
			};
			name = Release;
		};
		AC2F5D2820C009A100AAF16F /* Debug */ = {
			isa = XCBuildConfiguration;
			buildSettings = {
				ALWAYS_EMBED_SWIFT_STANDARD_LIBRARIES = YES;
				ASSETCATALOG_COMPILER_APPICON_NAME = AppIcon;
				CODE_SIGN_STYLE = Automatic;
				DEVELOPMENT_TEAM = XXEH3CV3RQ;
				INFOPLIST_FILE = Example/Info.plist;
				IPHONEOS_DEPLOYMENT_TARGET = 11.3;
				LD_RUNPATH_SEARCH_PATHS = (
					"$(inherited)",
					"@executable_path/Frameworks",
				);
				PRODUCT_BUNDLE_IDENTIFIER = com.zfort.Example;
				PRODUCT_NAME = "$(TARGET_NAME)";
				SWIFT_VERSION = 4.0;
				TARGETED_DEVICE_FAMILY = "1,2";
			};
			name = Debug;
		};
		AC2F5D2920C009A100AAF16F /* Release */ = {
			isa = XCBuildConfiguration;
			buildSettings = {
				ALWAYS_EMBED_SWIFT_STANDARD_LIBRARIES = YES;
				ASSETCATALOG_COMPILER_APPICON_NAME = AppIcon;
				CODE_SIGN_STYLE = Automatic;
				DEVELOPMENT_TEAM = XXEH3CV3RQ;
				INFOPLIST_FILE = Example/Info.plist;
				IPHONEOS_DEPLOYMENT_TARGET = 11.3;
				LD_RUNPATH_SEARCH_PATHS = (
					"$(inherited)",
					"@executable_path/Frameworks",
				);
				PRODUCT_BUNDLE_IDENTIFIER = com.zfort.Example;
				PRODUCT_NAME = "$(TARGET_NAME)";
				SWIFT_VERSION = 4.0;
				TARGETED_DEVICE_FAMILY = "1,2";
			};
			name = Release;
		};
		ACDF1C0B20BFDC1500F860D9 /* Debug */ = {
			isa = XCBuildConfiguration;
			buildSettings = {
				CODE_SIGN_STYLE = Automatic;
				PRODUCT_NAME = "$(TARGET_NAME)";
			};
			name = Debug;
		};
		ACDF1C0C20BFDC1500F860D9 /* Release */ = {
			isa = XCBuildConfiguration;
			buildSettings = {
				CODE_SIGN_STYLE = Automatic;
				PRODUCT_NAME = "$(TARGET_NAME)";
			};
			name = Release;
		};
/* End XCBuildConfiguration section */

/* Begin XCConfigurationList section */
		AC06FCED20BEB1D2007CDC0B /* Build configuration list for PBXProject "MenuButton" */ = {
			isa = XCConfigurationList;
			buildConfigurations = (
				AC06FCF920BEB1D2007CDC0B /* Debug */,
				AC06FCFA20BEB1D2007CDC0B /* Release */,
			);
			defaultConfigurationIsVisible = 0;
			defaultConfigurationName = Release;
		};
		AC06FCFB20BEB1D2007CDC0B /* Build configuration list for PBXNativeTarget "MenuButton" */ = {
			isa = XCConfigurationList;
			buildConfigurations = (
				AC06FCFC20BEB1D2007CDC0B /* Debug */,
				AC06FCFD20BEB1D2007CDC0B /* Release */,
			);
			defaultConfigurationIsVisible = 0;
			defaultConfigurationName = Release;
		};
		AC2F5D2A20C009A100AAF16F /* Build configuration list for PBXNativeTarget "Example" */ = {
			isa = XCConfigurationList;
			buildConfigurations = (
				AC2F5D2820C009A100AAF16F /* Debug */,
				AC2F5D2920C009A100AAF16F /* Release */,
			);
			defaultConfigurationIsVisible = 0;
			defaultConfigurationName = Release;
		};
		ACDF1C0D20BFDC1500F860D9 /* Build configuration list for PBXAggregateTarget "UniversalMenuButton" */ = {
			isa = XCConfigurationList;
			buildConfigurations = (
				ACDF1C0B20BFDC1500F860D9 /* Debug */,
				ACDF1C0C20BFDC1500F860D9 /* Release */,
			);
			defaultConfigurationIsVisible = 0;
			defaultConfigurationName = Release;
		};
/* End XCConfigurationList section */
	};
	rootObject = AC06FCEA20BEB1D2007CDC0B /* Project object */;
}
